// !$*UTF8*$!
{
	archiveVersion = 1;
	classes = {
	};
	objectVersion = 56;
	objects = {

/* Begin PBXBuildFile section */
		B5F303C2292969BD00E41C7D /* VeganVisionApp.swift in Sources */ = {isa = PBXBuildFile; fileRef = B5F303C1292969BD00E41C7D /* VeganVisionApp.swift */; };
		B5F303C4292969BD00E41C7D /* ContentView.swift in Sources */ = {isa = PBXBuildFile; fileRef = B5F303C3292969BD00E41C7D /* ContentView.swift */; };
		B5F303C6292969BE00E41C7D /* Assets.xcassets in Resources */ = {isa = PBXBuildFile; fileRef = B5F303C5292969BE00E41C7D /* Assets.xcassets */; };
		B5F303C9292969BE00E41C7D /* Preview Assets.xcassets in Resources */ = {isa = PBXBuildFile; fileRef = B5F303C8292969BE00E41C7D /* Preview Assets.xcassets */; };
		B5F303D3292969BE00E41C7D /* VeganVisionTests.swift in Sources */ = {isa = PBXBuildFile; fileRef = B5F303D2292969BE00E41C7D /* VeganVisionTests.swift */; };
		B5F303DD292969BE00E41C7D /* VeganVisionUITests.swift in Sources */ = {isa = PBXBuildFile; fileRef = B5F303DC292969BE00E41C7D /* VeganVisionUITests.swift */; };
		B5F303DF292969BE00E41C7D /* VeganVisionUITestsLaunchTests.swift in Sources */ = {isa = PBXBuildFile; fileRef = B5F303DE292969BE00E41C7D /* VeganVisionUITestsLaunchTests.swift */; };
		B5F3040229296A4B00E41C7D /* Poppins-ExtraLightItalic.ttf in Resources */ = {isa = PBXBuildFile; fileRef = B5F303F029296A4A00E41C7D /* Poppins-ExtraLightItalic.ttf */; };
		B5F3040329296A4B00E41C7D /* Poppins-Bold.ttf in Resources */ = {isa = PBXBuildFile; fileRef = B5F303F129296A4A00E41C7D /* Poppins-Bold.ttf */; };
		B5F3040429296A4B00E41C7D /* Poppins-BlackItalic.ttf in Resources */ = {isa = PBXBuildFile; fileRef = B5F303F229296A4B00E41C7D /* Poppins-BlackItalic.ttf */; };
		B5F3040529296A4B00E41C7D /* Poppins-Regular.ttf in Resources */ = {isa = PBXBuildFile; fileRef = B5F303F329296A4B00E41C7D /* Poppins-Regular.ttf */; };
		B5F3040629296A4B00E41C7D /* Poppins-SemiBoldItalic.ttf in Resources */ = {isa = PBXBuildFile; fileRef = B5F303F429296A4B00E41C7D /* Poppins-SemiBoldItalic.ttf */; };
		B5F3040729296A4B00E41C7D /* Poppins-SemiBold.ttf in Resources */ = {isa = PBXBuildFile; fileRef = B5F303F529296A4B00E41C7D /* Poppins-SemiBold.ttf */; };
		B5F3040829296A4B00E41C7D /* Poppins-ThinItalic.ttf in Resources */ = {isa = PBXBuildFile; fileRef = B5F303F629296A4B00E41C7D /* Poppins-ThinItalic.ttf */; };
		B5F3040929296A4B00E41C7D /* Poppins-Black.ttf in Resources */ = {isa = PBXBuildFile; fileRef = B5F303F729296A4B00E41C7D /* Poppins-Black.ttf */; };
		B5F3040A29296A4B00E41C7D /* Poppins-ExtraBoldItalic.ttf in Resources */ = {isa = PBXBuildFile; fileRef = B5F303F829296A4B00E41C7D /* Poppins-ExtraBoldItalic.ttf */; };
		B5F3040B29296A4B00E41C7D /* Poppins-Thin.ttf in Resources */ = {isa = PBXBuildFile; fileRef = B5F303F929296A4B00E41C7D /* Poppins-Thin.ttf */; };
		B5F3040C29296A4B00E41C7D /* Poppins-LightItalic.ttf in Resources */ = {isa = PBXBuildFile; fileRef = B5F303FA29296A4B00E41C7D /* Poppins-LightItalic.ttf */; };
		B5F3040D29296A4B00E41C7D /* Poppins-Medium.ttf in Resources */ = {isa = PBXBuildFile; fileRef = B5F303FB29296A4B00E41C7D /* Poppins-Medium.ttf */; };
		B5F3040E29296A4B00E41C7D /* Poppins-ExtraBold.ttf in Resources */ = {isa = PBXBuildFile; fileRef = B5F303FC29296A4B00E41C7D /* Poppins-ExtraBold.ttf */; };
		B5F3040F29296A4B00E41C7D /* Poppins-MediumItalic.ttf in Resources */ = {isa = PBXBuildFile; fileRef = B5F303FD29296A4B00E41C7D /* Poppins-MediumItalic.ttf */; };
		B5F3041029296A4B00E41C7D /* Poppins-Light.ttf in Resources */ = {isa = PBXBuildFile; fileRef = B5F303FE29296A4B00E41C7D /* Poppins-Light.ttf */; };
		B5F3041129296A4B00E41C7D /* Poppins-Italic.ttf in Resources */ = {isa = PBXBuildFile; fileRef = B5F303FF29296A4B00E41C7D /* Poppins-Italic.ttf */; };
		B5F3041229296A4B00E41C7D /* Poppins-ExtraLight.ttf in Resources */ = {isa = PBXBuildFile; fileRef = B5F3040029296A4B00E41C7D /* Poppins-ExtraLight.ttf */; };
		B5F3041329296A4B00E41C7D /* Poppins-BoldItalic.ttf in Resources */ = {isa = PBXBuildFile; fileRef = B5F3040129296A4B00E41C7D /* Poppins-BoldItalic.ttf */; };
		B5F3041529296A8D00E41C7D /* AnalysisView.swift in Sources */ = {isa = PBXBuildFile; fileRef = B5F3041429296A8D00E41C7D /* AnalysisView.swift */; };
		B5F3041729296AA100E41C7D /* AnalysisViewModel.swift in Sources */ = {isa = PBXBuildFile; fileRef = B5F3041629296AA100E41C7D /* AnalysisViewModel.swift */; };
		B5F3041929296AB400E41C7D /* WelcomeView.swift in Sources */ = {isa = PBXBuildFile; fileRef = B5F3041829296AB400E41C7D /* WelcomeView.swift */; };
		B5F3041B29296AC300E41C7D /* WelcomeViewModel.swift in Sources */ = {isa = PBXBuildFile; fileRef = B5F3041A29296AC300E41C7D /* WelcomeViewModel.swift */; };
		B5F3041D29296AD600E41C7D /* AnalysisViewController.swift in Sources */ = {isa = PBXBuildFile; fileRef = B5F3041C29296AD600E41C7D /* AnalysisViewController.swift */; };
		B5F3041F29296AE400E41C7D /* WelcomeViewController.swift in Sources */ = {isa = PBXBuildFile; fileRef = B5F3041E29296AE400E41C7D /* WelcomeViewController.swift */; };
		B5F3042129296AF200E41C7D /* ScanViewController.swift in Sources */ = {isa = PBXBuildFile; fileRef = B5F3042029296AF200E41C7D /* ScanViewController.swift */; };
		B5F3042329296B2200E41C7D /* ScanView.swift in Sources */ = {isa = PBXBuildFile; fileRef = B5F3042229296B2200E41C7D /* ScanView.swift */; };
		B5F3042529296B3000E41C7D /* ScanViewModel.swift in Sources */ = {isa = PBXBuildFile; fileRef = B5F3042429296B3000E41C7D /* ScanViewModel.swift */; };
		B5F3042729296BBA00E41C7D /* AppDelegate.swift in Sources */ = {isa = PBXBuildFile; fileRef = B5F3042629296BBA00E41C7D /* AppDelegate.swift */; };
		B5F3042929296CC200E41C7D /* Constants.swift in Sources */ = {isa = PBXBuildFile; fileRef = B5F3042829296CC200E41C7D /* Constants.swift */; };
		B5F3042D2942C3A000E41C7D /* ScanOptionViewController.swift in Sources */ = {isa = PBXBuildFile; fileRef = B5F3042C2942C3A000E41C7D /* ScanOptionViewController.swift */; };
		B5F3042F2942C3B400E41C7D /* ScanOptionView.swift in Sources */ = {isa = PBXBuildFile; fileRef = B5F3042E2942C3B400E41C7D /* ScanOptionView.swift */; };
		B5F304312942C3CD00E41C7D /* ScanOptionViewModel.swift in Sources */ = {isa = PBXBuildFile; fileRef = B5F304302942C3CD00E41C7D /* ScanOptionViewModel.swift */; };
/* End PBXBuildFile section */

/* Begin PBXContainerItemProxy section */
		B5F303CF292969BE00E41C7D /* PBXContainerItemProxy */ = {
			isa = PBXContainerItemProxy;
			containerPortal = B5F303B6292969BD00E41C7D /* Project object */;
			proxyType = 1;
			remoteGlobalIDString = B5F303BD292969BD00E41C7D;
			remoteInfo = VeganVision;
		};
		B5F303D9292969BE00E41C7D /* PBXContainerItemProxy */ = {
			isa = PBXContainerItemProxy;
			containerPortal = B5F303B6292969BD00E41C7D /* Project object */;
			proxyType = 1;
			remoteGlobalIDString = B5F303BD292969BD00E41C7D;
			remoteInfo = VeganVision;
		};
/* End PBXContainerItemProxy section */

/* Begin PBXFileReference section */
		B5F303BE292969BD00E41C7D /* VeganVision.app */ = {isa = PBXFileReference; explicitFileType = wrapper.application; includeInIndex = 0; path = VeganVision.app; sourceTree = BUILT_PRODUCTS_DIR; };
		B5F303C1292969BD00E41C7D /* VeganVisionApp.swift */ = {isa = PBXFileReference; lastKnownFileType = sourcecode.swift; path = VeganVisionApp.swift; sourceTree = "<group>"; };
		B5F303C3292969BD00E41C7D /* ContentView.swift */ = {isa = PBXFileReference; lastKnownFileType = sourcecode.swift; path = ContentView.swift; sourceTree = "<group>"; };
		B5F303C5292969BE00E41C7D /* Assets.xcassets */ = {isa = PBXFileReference; lastKnownFileType = folder.assetcatalog; path = Assets.xcassets; sourceTree = "<group>"; };
		B5F303C8292969BE00E41C7D /* Preview Assets.xcassets */ = {isa = PBXFileReference; lastKnownFileType = folder.assetcatalog; path = "Preview Assets.xcassets"; sourceTree = "<group>"; };
		B5F303CE292969BE00E41C7D /* VeganVisionTests.xctest */ = {isa = PBXFileReference; explicitFileType = wrapper.cfbundle; includeInIndex = 0; path = VeganVisionTests.xctest; sourceTree = BUILT_PRODUCTS_DIR; };
		B5F303D2292969BE00E41C7D /* VeganVisionTests.swift */ = {isa = PBXFileReference; lastKnownFileType = sourcecode.swift; path = VeganVisionTests.swift; sourceTree = "<group>"; };
		B5F303D8292969BE00E41C7D /* VeganVisionUITests.xctest */ = {isa = PBXFileReference; explicitFileType = wrapper.cfbundle; includeInIndex = 0; path = VeganVisionUITests.xctest; sourceTree = BUILT_PRODUCTS_DIR; };
		B5F303DC292969BE00E41C7D /* VeganVisionUITests.swift */ = {isa = PBXFileReference; lastKnownFileType = sourcecode.swift; path = VeganVisionUITests.swift; sourceTree = "<group>"; };
		B5F303DE292969BE00E41C7D /* VeganVisionUITestsLaunchTests.swift */ = {isa = PBXFileReference; lastKnownFileType = sourcecode.swift; path = VeganVisionUITestsLaunchTests.swift; sourceTree = "<group>"; };
		B5F303F029296A4A00E41C7D /* Poppins-ExtraLightItalic.ttf */ = {isa = PBXFileReference; lastKnownFileType = file; path = "Poppins-ExtraLightItalic.ttf"; sourceTree = "<group>"; };
		B5F303F129296A4A00E41C7D /* Poppins-Bold.ttf */ = {isa = PBXFileReference; lastKnownFileType = file; path = "Poppins-Bold.ttf"; sourceTree = "<group>"; };
		B5F303F229296A4B00E41C7D /* Poppins-BlackItalic.ttf */ = {isa = PBXFileReference; lastKnownFileType = file; path = "Poppins-BlackItalic.ttf"; sourceTree = "<group>"; };
		B5F303F329296A4B00E41C7D /* Poppins-Regular.ttf */ = {isa = PBXFileReference; lastKnownFileType = file; path = "Poppins-Regular.ttf"; sourceTree = "<group>"; };
		B5F303F429296A4B00E41C7D /* Poppins-SemiBoldItalic.ttf */ = {isa = PBXFileReference; lastKnownFileType = file; path = "Poppins-SemiBoldItalic.ttf"; sourceTree = "<group>"; };
		B5F303F529296A4B00E41C7D /* Poppins-SemiBold.ttf */ = {isa = PBXFileReference; lastKnownFileType = file; path = "Poppins-SemiBold.ttf"; sourceTree = "<group>"; };
		B5F303F629296A4B00E41C7D /* Poppins-ThinItalic.ttf */ = {isa = PBXFileReference; lastKnownFileType = file; path = "Poppins-ThinItalic.ttf"; sourceTree = "<group>"; };
		B5F303F729296A4B00E41C7D /* Poppins-Black.ttf */ = {isa = PBXFileReference; lastKnownFileType = file; path = "Poppins-Black.ttf"; sourceTree = "<group>"; };
		B5F303F829296A4B00E41C7D /* Poppins-ExtraBoldItalic.ttf */ = {isa = PBXFileReference; lastKnownFileType = file; path = "Poppins-ExtraBoldItalic.ttf"; sourceTree = "<group>"; };
		B5F303F929296A4B00E41C7D /* Poppins-Thin.ttf */ = {isa = PBXFileReference; lastKnownFileType = file; path = "Poppins-Thin.ttf"; sourceTree = "<group>"; };
		B5F303FA29296A4B00E41C7D /* Poppins-LightItalic.ttf */ = {isa = PBXFileReference; lastKnownFileType = file; path = "Poppins-LightItalic.ttf"; sourceTree = "<group>"; };
		B5F303FB29296A4B00E41C7D /* Poppins-Medium.ttf */ = {isa = PBXFileReference; lastKnownFileType = file; path = "Poppins-Medium.ttf"; sourceTree = "<group>"; };
		B5F303FC29296A4B00E41C7D /* Poppins-ExtraBold.ttf */ = {isa = PBXFileReference; lastKnownFileType = file; path = "Poppins-ExtraBold.ttf"; sourceTree = "<group>"; };
		B5F303FD29296A4B00E41C7D /* Poppins-MediumItalic.ttf */ = {isa = PBXFileReference; lastKnownFileType = file; path = "Poppins-MediumItalic.ttf"; sourceTree = "<group>"; };
		B5F303FE29296A4B00E41C7D /* Poppins-Light.ttf */ = {isa = PBXFileReference; lastKnownFileType = file; path = "Poppins-Light.ttf"; sourceTree = "<group>"; };
		B5F303FF29296A4B00E41C7D /* Poppins-Italic.ttf */ = {isa = PBXFileReference; lastKnownFileType = file; path = "Poppins-Italic.ttf"; sourceTree = "<group>"; };
		B5F3040029296A4B00E41C7D /* Poppins-ExtraLight.ttf */ = {isa = PBXFileReference; lastKnownFileType = file; path = "Poppins-ExtraLight.ttf"; sourceTree = "<group>"; };
		B5F3040129296A4B00E41C7D /* Poppins-BoldItalic.ttf */ = {isa = PBXFileReference; lastKnownFileType = file; path = "Poppins-BoldItalic.ttf"; sourceTree = "<group>"; };
		B5F3041429296A8D00E41C7D /* AnalysisView.swift */ = {isa = PBXFileReference; lastKnownFileType = sourcecode.swift; path = AnalysisView.swift; sourceTree = "<group>"; };
		B5F3041629296AA100E41C7D /* AnalysisViewModel.swift */ = {isa = PBXFileReference; lastKnownFileType = sourcecode.swift; path = AnalysisViewModel.swift; sourceTree = "<group>"; };
		B5F3041829296AB400E41C7D /* WelcomeView.swift */ = {isa = PBXFileReference; lastKnownFileType = sourcecode.swift; path = WelcomeView.swift; sourceTree = "<group>"; };
		B5F3041A29296AC300E41C7D /* WelcomeViewModel.swift */ = {isa = PBXFileReference; lastKnownFileType = sourcecode.swift; path = WelcomeViewModel.swift; sourceTree = "<group>"; };
		B5F3041C29296AD600E41C7D /* AnalysisViewController.swift */ = {isa = PBXFileReference; lastKnownFileType = sourcecode.swift; path = AnalysisViewController.swift; sourceTree = "<group>"; };
		B5F3041E29296AE400E41C7D /* WelcomeViewController.swift */ = {isa = PBXFileReference; lastKnownFileType = sourcecode.swift; path = WelcomeViewController.swift; sourceTree = "<group>"; };
		B5F3042029296AF200E41C7D /* ScanViewController.swift */ = {isa = PBXFileReference; lastKnownFileType = sourcecode.swift; path = ScanViewController.swift; sourceTree = "<group>"; };
		B5F3042229296B2200E41C7D /* ScanView.swift */ = {isa = PBXFileReference; lastKnownFileType = sourcecode.swift; path = ScanView.swift; sourceTree = "<group>"; };
		B5F3042429296B3000E41C7D /* ScanViewModel.swift */ = {isa = PBXFileReference; lastKnownFileType = sourcecode.swift; path = ScanViewModel.swift; sourceTree = "<group>"; };
		B5F3042629296BBA00E41C7D /* AppDelegate.swift */ = {isa = PBXFileReference; lastKnownFileType = sourcecode.swift; path = AppDelegate.swift; sourceTree = "<group>"; };
		B5F3042829296CC200E41C7D /* Constants.swift */ = {isa = PBXFileReference; lastKnownFileType = sourcecode.swift; path = Constants.swift; sourceTree = "<group>"; };
		B5F3042C2942C3A000E41C7D /* ScanOptionViewController.swift */ = {isa = PBXFileReference; lastKnownFileType = sourcecode.swift; path = ScanOptionViewController.swift; sourceTree = "<group>"; };
		B5F3042E2942C3B400E41C7D /* ScanOptionView.swift */ = {isa = PBXFileReference; lastKnownFileType = sourcecode.swift; path = ScanOptionView.swift; sourceTree = "<group>"; };
		B5F304302942C3CD00E41C7D /* ScanOptionViewModel.swift */ = {isa = PBXFileReference; lastKnownFileType = sourcecode.swift; path = ScanOptionViewModel.swift; sourceTree = "<group>"; };
/* End PBXFileReference section */

/* Begin PBXFrameworksBuildPhase section */
		B5F303BB292969BD00E41C7D /* Frameworks */ = {
			isa = PBXFrameworksBuildPhase;
			buildActionMask = 2147483647;
			files = (
			);
			runOnlyForDeploymentPostprocessing = 0;
		};
		B5F303CB292969BE00E41C7D /* Frameworks */ = {
			isa = PBXFrameworksBuildPhase;
			buildActionMask = 2147483647;
			files = (
			);
			runOnlyForDeploymentPostprocessing = 0;
		};
		B5F303D5292969BE00E41C7D /* Frameworks */ = {
			isa = PBXFrameworksBuildPhase;
			buildActionMask = 2147483647;
			files = (
			);
			runOnlyForDeploymentPostprocessing = 0;
		};
/* End PBXFrameworksBuildPhase section */

/* Begin PBXGroup section */
		B5F303B5292969BD00E41C7D = {
			isa = PBXGroup;
			children = (
				B5F303C0292969BD00E41C7D /* VeganVision */,
				B5F303D1292969BE00E41C7D /* VeganVisionTests */,
				B5F303DB292969BE00E41C7D /* VeganVisionUITests */,
				B5F303BF292969BD00E41C7D /* Products */,
			);
			sourceTree = "<group>";
		};
		B5F303BF292969BD00E41C7D /* Products */ = {
			isa = PBXGroup;
			children = (
				B5F303BE292969BD00E41C7D /* VeganVision.app */,
				B5F303CE292969BE00E41C7D /* VeganVisionTests.xctest */,
				B5F303D8292969BE00E41C7D /* VeganVisionUITests.xctest */,
			);
			name = Products;
			sourceTree = "<group>";
		};
		B5F303C0292969BD00E41C7D /* VeganVision */ = {
			isa = PBXGroup;
			children = (
				B5F303C1292969BD00E41C7D /* VeganVisionApp.swift */,
				B5F3042629296BBA00E41C7D /* AppDelegate.swift */,
				B5F303EB292969FD00E41C7D /* Screens */,
				B5F303C3292969BD00E41C7D /* ContentView.swift */,
				B5F303C5292969BE00E41C7D /* Assets.xcassets */,
				B5F303EF29296A3100E41C7D /* fonts */,
				B5F303C7292969BE00E41C7D /* Preview Content */,
			);
			path = VeganVision;
			sourceTree = "<group>";
		};
		B5F303C7292969BE00E41C7D /* Preview Content */ = {
			isa = PBXGroup;
			children = (
				B5F303C8292969BE00E41C7D /* Preview Assets.xcassets */,
			);
			path = "Preview Content";
			sourceTree = "<group>";
		};
		B5F303D1292969BE00E41C7D /* VeganVisionTests */ = {
			isa = PBXGroup;
			children = (
				B5F303D2292969BE00E41C7D /* VeganVisionTests.swift */,
			);
			path = VeganVisionTests;
			sourceTree = "<group>";
		};
		B5F303DB292969BE00E41C7D /* VeganVisionUITests */ = {
			isa = PBXGroup;
			children = (
				B5F303DC292969BE00E41C7D /* VeganVisionUITests.swift */,
				B5F303DE292969BE00E41C7D /* VeganVisionUITestsLaunchTests.swift */,
			);
			path = VeganVisionUITests;
			sourceTree = "<group>";
		};
		B5F303EB292969FD00E41C7D /* Screens */ = {
			isa = PBXGroup;
			children = (
				B5F3042B2942C37E00E41C7D /* ScanOption */,
				B5F303EE29296A1600E41C7D /* Analysis */,
				B5F303ED29296A1000E41C7D /* Scan */,
				B5F303EC29296A0500E41C7D /* Welcome */,
				B5F3042829296CC200E41C7D /* Constants.swift */,
			);
			path = Screens;
			sourceTree = "<group>";
		};
		B5F303EC29296A0500E41C7D /* Welcome */ = {
			isa = PBXGroup;
			children = (
				B5F3041829296AB400E41C7D /* WelcomeView.swift */,
				B5F3041A29296AC300E41C7D /* WelcomeViewModel.swift */,
				B5F3041E29296AE400E41C7D /* WelcomeViewController.swift */,
			);
			path = Welcome;
			sourceTree = "<group>";
		};
		B5F303ED29296A1000E41C7D /* Scan */ = {
			isa = PBXGroup;
			children = (
				B5F3042029296AF200E41C7D /* ScanViewController.swift */,
				B5F3042229296B2200E41C7D /* ScanView.swift */,
				B5F3042429296B3000E41C7D /* ScanViewModel.swift */,
			);
			path = Scan;
			sourceTree = "<group>";
		};
		B5F303EE29296A1600E41C7D /* Analysis */ = {
			isa = PBXGroup;
			children = (
				B5F3041429296A8D00E41C7D /* AnalysisView.swift */,
				B5F3041629296AA100E41C7D /* AnalysisViewModel.swift */,
				B5F3041C29296AD600E41C7D /* AnalysisViewController.swift */,
			);
			path = Analysis;
			sourceTree = "<group>";
		};
		B5F303EF29296A3100E41C7D /* fonts */ = {
			isa = PBXGroup;
			children = (
				B5F303F729296A4B00E41C7D /* Poppins-Black.ttf */,
				B5F303F229296A4B00E41C7D /* Poppins-BlackItalic.ttf */,
				B5F303F129296A4A00E41C7D /* Poppins-Bold.ttf */,
				B5F3040129296A4B00E41C7D /* Poppins-BoldItalic.ttf */,
				B5F303FC29296A4B00E41C7D /* Poppins-ExtraBold.ttf */,
				B5F303F829296A4B00E41C7D /* Poppins-ExtraBoldItalic.ttf */,
				B5F3040029296A4B00E41C7D /* Poppins-ExtraLight.ttf */,
				B5F303F029296A4A00E41C7D /* Poppins-ExtraLightItalic.ttf */,
				B5F303FF29296A4B00E41C7D /* Poppins-Italic.ttf */,
				B5F303FE29296A4B00E41C7D /* Poppins-Light.ttf */,
				B5F303FA29296A4B00E41C7D /* Poppins-LightItalic.ttf */,
				B5F303FB29296A4B00E41C7D /* Poppins-Medium.ttf */,
				B5F303FD29296A4B00E41C7D /* Poppins-MediumItalic.ttf */,
				B5F303F329296A4B00E41C7D /* Poppins-Regular.ttf */,
				B5F303F529296A4B00E41C7D /* Poppins-SemiBold.ttf */,
				B5F303F429296A4B00E41C7D /* Poppins-SemiBoldItalic.ttf */,
				B5F303F929296A4B00E41C7D /* Poppins-Thin.ttf */,
				B5F303F629296A4B00E41C7D /* Poppins-ThinItalic.ttf */,
			);
			path = fonts;
			sourceTree = "<group>";
		};
		B5F3042B2942C37E00E41C7D /* ScanOption */ = {
			isa = PBXGroup;
			children = (
				B5F3042C2942C3A000E41C7D /* ScanOptionViewController.swift */,
				B5F3042E2942C3B400E41C7D /* ScanOptionView.swift */,
				B5F304302942C3CD00E41C7D /* ScanOptionViewModel.swift */,
			);
			path = ScanOption;
			sourceTree = "<group>";
		};
/* End PBXGroup section */

/* Begin PBXNativeTarget section */
		B5F303BD292969BD00E41C7D /* VeganVision */ = {
			isa = PBXNativeTarget;
			buildConfigurationList = B5F303E2292969BE00E41C7D /* Build configuration list for PBXNativeTarget "VeganVision" */;
			buildPhases = (
				B5F303BA292969BD00E41C7D /* Sources */,
				B5F303BB292969BD00E41C7D /* Frameworks */,
				B5F303BC292969BD00E41C7D /* Resources */,
			);
			buildRules = (
			);
			dependencies = (
			);
			name = VeganVision;
			productName = VeganVision;
			productReference = B5F303BE292969BD00E41C7D /* VeganVision.app */;
			productType = "com.apple.product-type.application";
		};
		B5F303CD292969BE00E41C7D /* VeganVisionTests */ = {
			isa = PBXNativeTarget;
			buildConfigurationList = B5F303E5292969BE00E41C7D /* Build configuration list for PBXNativeTarget "VeganVisionTests" */;
			buildPhases = (
				B5F303CA292969BE00E41C7D /* Sources */,
				B5F303CB292969BE00E41C7D /* Frameworks */,
				B5F303CC292969BE00E41C7D /* Resources */,
			);
			buildRules = (
			);
			dependencies = (
				B5F303D0292969BE00E41C7D /* PBXTargetDependency */,
			);
			name = VeganVisionTests;
			productName = VeganVisionTests;
			productReference = B5F303CE292969BE00E41C7D /* VeganVisionTests.xctest */;
			productType = "com.apple.product-type.bundle.unit-test";
		};
		B5F303D7292969BE00E41C7D /* VeganVisionUITests */ = {
			isa = PBXNativeTarget;
			buildConfigurationList = B5F303E8292969BE00E41C7D /* Build configuration list for PBXNativeTarget "VeganVisionUITests" */;
			buildPhases = (
				B5F303D4292969BE00E41C7D /* Sources */,
				B5F303D5292969BE00E41C7D /* Frameworks */,
				B5F303D6292969BE00E41C7D /* Resources */,
			);
			buildRules = (
			);
			dependencies = (
				B5F303DA292969BE00E41C7D /* PBXTargetDependency */,
			);
			name = VeganVisionUITests;
			productName = VeganVisionUITests;
			productReference = B5F303D8292969BE00E41C7D /* VeganVisionUITests.xctest */;
			productType = "com.apple.product-type.bundle.ui-testing";
		};
/* End PBXNativeTarget section */

/* Begin PBXProject section */
		B5F303B6292969BD00E41C7D /* Project object */ = {
			isa = PBXProject;
			attributes = {
				BuildIndependentTargetsInParallel = 1;
				LastSwiftUpdateCheck = 1410;
				LastUpgradeCheck = 1410;
				TargetAttributes = {
					B5F303BD292969BD00E41C7D = {
						CreatedOnToolsVersion = 14.1;
					};
					B5F303CD292969BE00E41C7D = {
						CreatedOnToolsVersion = 14.1;
						TestTargetID = B5F303BD292969BD00E41C7D;
					};
					B5F303D7292969BE00E41C7D = {
						CreatedOnToolsVersion = 14.1;
						TestTargetID = B5F303BD292969BD00E41C7D;
					};
				};
			};
			buildConfigurationList = B5F303B9292969BD00E41C7D /* Build configuration list for PBXProject "VeganVision" */;
			compatibilityVersion = "Xcode 14.0";
			developmentRegion = en;
			hasScannedForEncodings = 0;
			knownRegions = (
				en,
				Base,
			);
			mainGroup = B5F303B5292969BD00E41C7D;
			productRefGroup = B5F303BF292969BD00E41C7D /* Products */;
			projectDirPath = "";
			projectRoot = "";
			targets = (
				B5F303BD292969BD00E41C7D /* VeganVision */,
				B5F303CD292969BE00E41C7D /* VeganVisionTests */,
				B5F303D7292969BE00E41C7D /* VeganVisionUITests */,
			);
		};
/* End PBXProject section */

/* Begin PBXResourcesBuildPhase section */
		B5F303BC292969BD00E41C7D /* Resources */ = {
			isa = PBXResourcesBuildPhase;
			buildActionMask = 2147483647;
			files = (
				B5F3040229296A4B00E41C7D /* Poppins-ExtraLightItalic.ttf in Resources */,
				B5F3041029296A4B00E41C7D /* Poppins-Light.ttf in Resources */,
				B5F3040F29296A4B00E41C7D /* Poppins-MediumItalic.ttf in Resources */,
				B5F3040E29296A4B00E41C7D /* Poppins-ExtraBold.ttf in Resources */,
				B5F3040D29296A4B00E41C7D /* Poppins-Medium.ttf in Resources */,
				B5F3040C29296A4B00E41C7D /* Poppins-LightItalic.ttf in Resources */,
				B5F303C9292969BE00E41C7D /* Preview Assets.xcassets in Resources */,
				B5F3040429296A4B00E41C7D /* Poppins-BlackItalic.ttf in Resources */,
				B5F3040629296A4B00E41C7D /* Poppins-SemiBoldItalic.ttf in Resources */,
				B5F3040929296A4B00E41C7D /* Poppins-Black.ttf in Resources */,
				B5F3040529296A4B00E41C7D /* Poppins-Regular.ttf in Resources */,
				B5F3040A29296A4B00E41C7D /* Poppins-ExtraBoldItalic.ttf in Resources */,
				B5F3041129296A4B00E41C7D /* Poppins-Italic.ttf in Resources */,
				B5F3040729296A4B00E41C7D /* Poppins-SemiBold.ttf in Resources */,
				B5F3041229296A4B00E41C7D /* Poppins-ExtraLight.ttf in Resources */,
				B5F3040829296A4B00E41C7D /* Poppins-ThinItalic.ttf in Resources */,
				B5F3040B29296A4B00E41C7D /* Poppins-Thin.ttf in Resources */,
				B5F303C6292969BE00E41C7D /* Assets.xcassets in Resources */,
				B5F3040329296A4B00E41C7D /* Poppins-Bold.ttf in Resources */,
				B5F3041329296A4B00E41C7D /* Poppins-BoldItalic.ttf in Resources */,
			);
			runOnlyForDeploymentPostprocessing = 0;
		};
		B5F303CC292969BE00E41C7D /* Resources */ = {
			isa = PBXResourcesBuildPhase;
			buildActionMask = 2147483647;
			files = (
			);
			runOnlyForDeploymentPostprocessing = 0;
		};
		B5F303D6292969BE00E41C7D /* Resources */ = {
			isa = PBXResourcesBuildPhase;
			buildActionMask = 2147483647;
			files = (
			);
			runOnlyForDeploymentPostprocessing = 0;
		};
/* End PBXResourcesBuildPhase section */

/* Begin PBXSourcesBuildPhase section */
		B5F303BA292969BD00E41C7D /* Sources */ = {
			isa = PBXSourcesBuildPhase;
			buildActionMask = 2147483647;
			files = (
				B5F3042729296BBA00E41C7D /* AppDelegate.swift in Sources */,
				B5F3041929296AB400E41C7D /* WelcomeView.swift in Sources */,
				B5F3041F29296AE400E41C7D /* WelcomeViewController.swift in Sources */,
				B5F3041B29296AC300E41C7D /* WelcomeViewModel.swift in Sources */,
				B5F3042D2942C3A000E41C7D /* ScanOptionViewController.swift in Sources */,
				B5F3042529296B3000E41C7D /* ScanViewModel.swift in Sources */,
				B5F3042F2942C3B400E41C7D /* ScanOptionView.swift in Sources */,
				B5F303C4292969BD00E41C7D /* ContentView.swift in Sources */,
				B5F3041D29296AD600E41C7D /* AnalysisViewController.swift in Sources */,
				B5F3042929296CC200E41C7D /* Constants.swift in Sources */,
				B5F3041529296A8D00E41C7D /* AnalysisView.swift in Sources */,
				B5F3041729296AA100E41C7D /* AnalysisViewModel.swift in Sources */,
				B5F3042329296B2200E41C7D /* ScanView.swift in Sources */,
				B5F303C2292969BD00E41C7D /* VeganVisionApp.swift in Sources */,
				B5F304312942C3CD00E41C7D /* ScanOptionViewModel.swift in Sources */,
				B5F3042129296AF200E41C7D /* ScanViewController.swift in Sources */,
			);
			runOnlyForDeploymentPostprocessing = 0;
		};
		B5F303CA292969BE00E41C7D /* Sources */ = {
			isa = PBXSourcesBuildPhase;
			buildActionMask = 2147483647;
			files = (
				B5F303D3292969BE00E41C7D /* VeganVisionTests.swift in Sources */,
			);
			runOnlyForDeploymentPostprocessing = 0;
		};
		B5F303D4292969BE00E41C7D /* Sources */ = {
			isa = PBXSourcesBuildPhase;
			buildActionMask = 2147483647;
			files = (
				B5F303DF292969BE00E41C7D /* VeganVisionUITestsLaunchTests.swift in Sources */,
				B5F303DD292969BE00E41C7D /* VeganVisionUITests.swift in Sources */,
			);
			runOnlyForDeploymentPostprocessing = 0;
		};
/* End PBXSourcesBuildPhase section */

/* Begin PBXTargetDependency section */
		B5F303D0292969BE00E41C7D /* PBXTargetDependency */ = {
			isa = PBXTargetDependency;
			target = B5F303BD292969BD00E41C7D /* VeganVision */;
			targetProxy = B5F303CF292969BE00E41C7D /* PBXContainerItemProxy */;
		};
		B5F303DA292969BE00E41C7D /* PBXTargetDependency */ = {
			isa = PBXTargetDependency;
			target = B5F303BD292969BD00E41C7D /* VeganVision */;
			targetProxy = B5F303D9292969BE00E41C7D /* PBXContainerItemProxy */;
		};
/* End PBXTargetDependency section */

/* Begin XCBuildConfiguration section */
		B5F303E0292969BE00E41C7D /* Debug */ = {
			isa = XCBuildConfiguration;
			buildSettings = {
				ALWAYS_SEARCH_USER_PATHS = NO;
				CLANG_ANALYZER_NONNULL = YES;
				CLANG_ANALYZER_NUMBER_OBJECT_CONVERSION = YES_AGGRESSIVE;
				CLANG_CXX_LANGUAGE_STANDARD = "gnu++20";
				CLANG_ENABLE_MODULES = YES;
				CLANG_ENABLE_OBJC_ARC = YES;
				CLANG_ENABLE_OBJC_WEAK = YES;
				CLANG_WARN_BLOCK_CAPTURE_AUTORELEASING = YES;
				CLANG_WARN_BOOL_CONVERSION = YES;
				CLANG_WARN_COMMA = YES;
				CLANG_WARN_CONSTANT_CONVERSION = YES;
				CLANG_WARN_DEPRECATED_OBJC_IMPLEMENTATIONS = YES;
				CLANG_WARN_DIRECT_OBJC_ISA_USAGE = YES_ERROR;
				CLANG_WARN_DOCUMENTATION_COMMENTS = YES;
				CLANG_WARN_EMPTY_BODY = YES;
				CLANG_WARN_ENUM_CONVERSION = YES;
				CLANG_WARN_INFINITE_RECURSION = YES;
				CLANG_WARN_INT_CONVERSION = YES;
				CLANG_WARN_NON_LITERAL_NULL_CONVERSION = YES;
				CLANG_WARN_OBJC_IMPLICIT_RETAIN_SELF = YES;
				CLANG_WARN_OBJC_LITERAL_CONVERSION = YES;
				CLANG_WARN_OBJC_ROOT_CLASS = YES_ERROR;
				CLANG_WARN_QUOTED_INCLUDE_IN_FRAMEWORK_HEADER = YES;
				CLANG_WARN_RANGE_LOOP_ANALYSIS = YES;
				CLANG_WARN_STRICT_PROTOTYPES = YES;
				CLANG_WARN_SUSPICIOUS_MOVE = YES;
				CLANG_WARN_UNGUARDED_AVAILABILITY = YES_AGGRESSIVE;
				CLANG_WARN_UNREACHABLE_CODE = YES;
				CLANG_WARN__DUPLICATE_METHOD_MATCH = YES;
				COPY_PHASE_STRIP = NO;
				DEBUG_INFORMATION_FORMAT = dwarf;
				ENABLE_STRICT_OBJC_MSGSEND = YES;
				ENABLE_TESTABILITY = YES;
				GCC_C_LANGUAGE_STANDARD = gnu11;
				GCC_DYNAMIC_NO_PIC = NO;
				GCC_NO_COMMON_BLOCKS = YES;
				GCC_OPTIMIZATION_LEVEL = 0;
				GCC_PREPROCESSOR_DEFINITIONS = (
					"DEBUG=1",
					"$(inherited)",
				);
				GCC_WARN_64_TO_32_BIT_CONVERSION = YES;
				GCC_WARN_ABOUT_RETURN_TYPE = YES_ERROR;
				GCC_WARN_UNDECLARED_SELECTOR = YES;
				GCC_WARN_UNINITIALIZED_AUTOS = YES_AGGRESSIVE;
				GCC_WARN_UNUSED_FUNCTION = YES;
				GCC_WARN_UNUSED_VARIABLE = YES;
				IPHONEOS_DEPLOYMENT_TARGET = 16.1;
				MTL_ENABLE_DEBUG_INFO = INCLUDE_SOURCE;
				MTL_FAST_MATH = YES;
				ONLY_ACTIVE_ARCH = YES;
				SDKROOT = iphoneos;
				SWIFT_ACTIVE_COMPILATION_CONDITIONS = DEBUG;
				SWIFT_OPTIMIZATION_LEVEL = "-Onone";
			};
			name = Debug;
		};
		B5F303E1292969BE00E41C7D /* Release */ = {
			isa = XCBuildConfiguration;
			buildSettings = {
				ALWAYS_SEARCH_USER_PATHS = NO;
				CLANG_ANALYZER_NONNULL = YES;
				CLANG_ANALYZER_NUMBER_OBJECT_CONVERSION = YES_AGGRESSIVE;
				CLANG_CXX_LANGUAGE_STANDARD = "gnu++20";
				CLANG_ENABLE_MODULES = YES;
				CLANG_ENABLE_OBJC_ARC = YES;
				CLANG_ENABLE_OBJC_WEAK = YES;
				CLANG_WARN_BLOCK_CAPTURE_AUTORELEASING = YES;
				CLANG_WARN_BOOL_CONVERSION = YES;
				CLANG_WARN_COMMA = YES;
				CLANG_WARN_CONSTANT_CONVERSION = YES;
				CLANG_WARN_DEPRECATED_OBJC_IMPLEMENTATIONS = YES;
				CLANG_WARN_DIRECT_OBJC_ISA_USAGE = YES_ERROR;
				CLANG_WARN_DOCUMENTATION_COMMENTS = YES;
				CLANG_WARN_EMPTY_BODY = YES;
				CLANG_WARN_ENUM_CONVERSION = YES;
				CLANG_WARN_INFINITE_RECURSION = YES;
				CLANG_WARN_INT_CONVERSION = YES;
				CLANG_WARN_NON_LITERAL_NULL_CONVERSION = YES;
				CLANG_WARN_OBJC_IMPLICIT_RETAIN_SELF = YES;
				CLANG_WARN_OBJC_LITERAL_CONVERSION = YES;
				CLANG_WARN_OBJC_ROOT_CLASS = YES_ERROR;
				CLANG_WARN_QUOTED_INCLUDE_IN_FRAMEWORK_HEADER = YES;
				CLANG_WARN_RANGE_LOOP_ANALYSIS = YES;
				CLANG_WARN_STRICT_PROTOTYPES = YES;
				CLANG_WARN_SUSPICIOUS_MOVE = YES;
				CLANG_WARN_UNGUARDED_AVAILABILITY = YES_AGGRESSIVE;
				CLANG_WARN_UNREACHABLE_CODE = YES;
				CLANG_WARN__DUPLICATE_METHOD_MATCH = YES;
				COPY_PHASE_STRIP = NO;
				DEBUG_INFORMATION_FORMAT = "dwarf-with-dsym";
				ENABLE_NS_ASSERTIONS = NO;
				ENABLE_STRICT_OBJC_MSGSEND = YES;
				GCC_C_LANGUAGE_STANDARD = gnu11;
				GCC_NO_COMMON_BLOCKS = YES;
				GCC_WARN_64_TO_32_BIT_CONVERSION = YES;
				GCC_WARN_ABOUT_RETURN_TYPE = YES_ERROR;
				GCC_WARN_UNDECLARED_SELECTOR = YES;
				GCC_WARN_UNINITIALIZED_AUTOS = YES_AGGRESSIVE;
				GCC_WARN_UNUSED_FUNCTION = YES;
				GCC_WARN_UNUSED_VARIABLE = YES;
				IPHONEOS_DEPLOYMENT_TARGET = 16.1;
				MTL_ENABLE_DEBUG_INFO = NO;
				MTL_FAST_MATH = YES;
				SDKROOT = iphoneos;
				SWIFT_COMPILATION_MODE = wholemodule;
				SWIFT_OPTIMIZATION_LEVEL = "-O";
				VALIDATE_PRODUCT = YES;
			};
			name = Release;
		};
		B5F303E3292969BE00E41C7D /* Debug */ = {
			isa = XCBuildConfiguration;
			buildSettings = {
				ASSETCATALOG_COMPILER_APPICON_NAME = AppIcon;
				ASSETCATALOG_COMPILER_GLOBAL_ACCENT_COLOR_NAME = AccentColor;
				CODE_SIGN_STYLE = Automatic;
				CURRENT_PROJECT_VERSION = 1;
				DEVELOPMENT_ASSET_PATHS = "\"VeganVision/Preview Content\"";
				DEVELOPMENT_TEAM = RDT7K59Q4P;
				ENABLE_PREVIEWS = YES;
				GENERATE_INFOPLIST_FILE = YES;
				INFOPLIST_FILE = VeganVision/Info.plist;
				INFOPLIST_KEY_CFBundleDisplayName = "Vegan Vision";
				INFOPLIST_KEY_LSApplicationCategoryType = "public.app-category.food-and-drink";
				INFOPLIST_KEY_UIApplicationSceneManifest_Generation = YES;
				INFOPLIST_KEY_UIApplicationSupportsIndirectInputEvents = YES;
				INFOPLIST_KEY_UILaunchScreen_Generation = YES;
				INFOPLIST_KEY_UISupportedInterfaceOrientations = UIInterfaceOrientationPortrait;
				LD_RUNPATH_SEARCH_PATHS = (
					"$(inherited)",
					"@executable_path/Frameworks",
				);
				MARKETING_VERSION = 1.0;
				PRODUCT_BUNDLE_IDENTIFIER = com.veganVIsion.VeganVision;
				PRODUCT_NAME = "$(TARGET_NAME)";
				SWIFT_EMIT_LOC_STRINGS = YES;
				SWIFT_VERSION = 5.0;
				TARGETED_DEVICE_FAMILY = "1,2";
			};
			name = Debug;
		};
		B5F303E4292969BE00E41C7D /* Release */ = {
			isa = XCBuildConfiguration;
			buildSettings = {
				ASSETCATALOG_COMPILER_APPICON_NAME = AppIcon;
				ASSETCATALOG_COMPILER_GLOBAL_ACCENT_COLOR_NAME = AccentColor;
				CODE_SIGN_STYLE = Automatic;
				CURRENT_PROJECT_VERSION = 1;
				DEVELOPMENT_ASSET_PATHS = "\"VeganVision/Preview Content\"";
				DEVELOPMENT_TEAM = RDT7K59Q4P;
				ENABLE_PREVIEWS = YES;
				GENERATE_INFOPLIST_FILE = YES;
				INFOPLIST_FILE = VeganVision/Info.plist;
				INFOPLIST_KEY_CFBundleDisplayName = "Vegan Vision";
				INFOPLIST_KEY_LSApplicationCategoryType = "public.app-category.food-and-drink";
				INFOPLIST_KEY_UIApplicationSceneManifest_Generation = YES;
				INFOPLIST_KEY_UIApplicationSupportsIndirectInputEvents = YES;
				INFOPLIST_KEY_UILaunchScreen_Generation = YES;
				INFOPLIST_KEY_UISupportedInterfaceOrientations = UIInterfaceOrientationPortrait;
				LD_RUNPATH_SEARCH_PATHS = (
					"$(inherited)",
					"@executable_path/Frameworks",
				);
				MARKETING_VERSION = 1.0;
				PRODUCT_BUNDLE_IDENTIFIER = com.veganVIsion.VeganVision;
				PRODUCT_NAME = "$(TARGET_NAME)";
				SWIFT_EMIT_LOC_STRINGS = YES;
				SWIFT_VERSION = 5.0;
				TARGETED_DEVICE_FAMILY = "1,2";
			};
			name = Release;
		};
		B5F303E6292969BE00E41C7D /* Debug */ = {
			isa = XCBuildConfiguration;
			buildSettings = {
				ALWAYS_EMBED_SWIFT_STANDARD_LIBRARIES = YES;
				BUNDLE_LOADER = "$(TEST_HOST)";
				CODE_SIGN_STYLE = Automatic;
				CURRENT_PROJECT_VERSION = 1;
				DEVELOPMENT_TEAM = RDT7K59Q4P;
				GENERATE_INFOPLIST_FILE = YES;
				IPHONEOS_DEPLOYMENT_TARGET = 16.1;
				MARKETING_VERSION = 1.0;
				PRODUCT_BUNDLE_IDENTIFIER = com.veganVIsion.VeganVisionTests;
				PRODUCT_NAME = "$(TARGET_NAME)";
				SWIFT_EMIT_LOC_STRINGS = NO;
				SWIFT_VERSION = 5.0;
				TARGETED_DEVICE_FAMILY = "1,2";
				TEST_HOST = "$(BUILT_PRODUCTS_DIR)/VeganVision.app/$(BUNDLE_EXECUTABLE_FOLDER_PATH)/VeganVision";
			};
			name = Debug;
		};
		B5F303E7292969BE00E41C7D /* Release */ = {
			isa = XCBuildConfiguration;
			buildSettings = {
				ALWAYS_EMBED_SWIFT_STANDARD_LIBRARIES = YES;
				BUNDLE_LOADER = "$(TEST_HOST)";
				CODE_SIGN_STYLE = Automatic;
				CURRENT_PROJECT_VERSION = 1;
				DEVELOPMENT_TEAM = RDT7K59Q4P;
				GENERATE_INFOPLIST_FILE = YES;
				IPHONEOS_DEPLOYMENT_TARGET = 16.1;
				MARKETING_VERSION = 1.0;
				PRODUCT_BUNDLE_IDENTIFIER = com.veganVIsion.VeganVisionTests;
				PRODUCT_NAME = "$(TARGET_NAME)";
				SWIFT_EMIT_LOC_STRINGS = NO;
				SWIFT_VERSION = 5.0;
				TARGETED_DEVICE_FAMILY = "1,2";
				TEST_HOST = "$(BUILT_PRODUCTS_DIR)/VeganVision.app/$(BUNDLE_EXECUTABLE_FOLDER_PATH)/VeganVision";
			};
			name = Release;
		};
		B5F303E9292969BE00E41C7D /* Debug */ = {
			isa = XCBuildConfiguration;
			buildSettings = {
				ALWAYS_EMBED_SWIFT_STANDARD_LIBRARIES = YES;
				CODE_SIGN_STYLE = Automatic;
				CURRENT_PROJECT_VERSION = 1;
				DEVELOPMENT_TEAM = RDT7K59Q4P;
				GENERATE_INFOPLIST_FILE = YES;
				MARKETING_VERSION = 1.0;
				PRODUCT_BUNDLE_IDENTIFIER = com.veganVIsion.VeganVisionUITests;
				PRODUCT_NAME = "$(TARGET_NAME)";
				SWIFT_EMIT_LOC_STRINGS = NO;
				SWIFT_VERSION = 5.0;
				TARGETED_DEVICE_FAMILY = "1,2";
				TEST_TARGET_NAME = VeganVision;
			};
			name = Debug;
		};
		B5F303EA292969BE00E41C7D /* Release */ = {
			isa = XCBuildConfiguration;
			buildSettings = {
				ALWAYS_EMBED_SWIFT_STANDARD_LIBRARIES = YES;
				CODE_SIGN_STYLE = Automatic;
				CURRENT_PROJECT_VERSION = 1;
				DEVELOPMENT_TEAM = RDT7K59Q4P;
				GENERATE_INFOPLIST_FILE = YES;
				MARKETING_VERSION = 1.0;
				PRODUCT_BUNDLE_IDENTIFIER = com.veganVIsion.VeganVisionUITests;
				PRODUCT_NAME = "$(TARGET_NAME)";
				SWIFT_EMIT_LOC_STRINGS = NO;
				SWIFT_VERSION = 5.0;
				TARGETED_DEVICE_FAMILY = "1,2";
				TEST_TARGET_NAME = VeganVision;
			};
			name = Release;
		};
/* End XCBuildConfiguration section */

/* Begin XCConfigurationList section */
		B5F303B9292969BD00E41C7D /* Build configuration list for PBXProject "VeganVision" */ = {
			isa = XCConfigurationList;
			buildConfigurations = (
				B5F303E0292969BE00E41C7D /* Debug */,
				B5F303E1292969BE00E41C7D /* Release */,
			);
			defaultConfigurationIsVisible = 0;
			defaultConfigurationName = Release;
		};
		B5F303E2292969BE00E41C7D /* Build configuration list for PBXNativeTarget "VeganVision" */ = {
			isa = XCConfigurationList;
			buildConfigurations = (
				B5F303E3292969BE00E41C7D /* Debug */,
				B5F303E4292969BE00E41C7D /* Release */,
			);
			defaultConfigurationIsVisible = 0;
			defaultConfigurationName = Release;
		};
		B5F303E5292969BE00E41C7D /* Build configuration list for PBXNativeTarget "VeganVisionTests" */ = {
			isa = XCConfigurationList;
			buildConfigurations = (
				B5F303E6292969BE00E41C7D /* Debug */,
				B5F303E7292969BE00E41C7D /* Release */,
			);
			defaultConfigurationIsVisible = 0;
			defaultConfigurationName = Release;
		};
		B5F303E8292969BE00E41C7D /* Build configuration list for PBXNativeTarget "VeganVisionUITests" */ = {
			isa = XCConfigurationList;
			buildConfigurations = (
				B5F303E9292969BE00E41C7D /* Debug */,
				B5F303EA292969BE00E41C7D /* Release */,
			);
			defaultConfigurationIsVisible = 0;
			defaultConfigurationName = Release;
		};
/* End XCConfigurationList section */
	};
	rootObject = B5F303B6292969BD00E41C7D /* Project object */;
}
