// !$*UTF8*$!
{
	archiveVersion = 1;
	classes = {
	};
	objectVersion = 56;
	objects = {

/* Begin PBXBuildFile section */
		B5F303C2292969BD00E41C7D /* VeganVisionApp.swift in Sources */ = {isa = PBXBuildFile; fileRef = B5F303C1292969BD00E41C7D /* VeganVisionApp.swift */; };
		B5F303C4292969BD00E41C7D /* ContentView.swift in Sources */ = {isa = PBXBuildFile; fileRef = B5F303C3292969BD00E41C7D /* ContentView.swift */; };
		B5F303C6292969BE00E41C7D /* Assets.xcassets in Resources */ = {isa = PBXBuildFile; fileRef = B5F303C5292969BE00E41C7D /* Assets.xcassets */; };
		B5F303C9292969BE00E41C7D /* Preview Assets.xcassets in Resources */ = {isa = PBXBuildFile; fileRef = B5F303C8292969BE00E41C7D /* Preview Assets.xcassets */; };
		B5F303D3292969BE00E41C7D /* VeganVisionTests.swift in Sources */ = {isa = PBXBuildFile; fileRef = B5F303D2292969BE00E41C7D /* VeganVisionTests.swift */; };
		B5F303DD292969BE00E41C7D /* VeganVisionUITests.swift in Sources */ = {isa = PBXBuildFile; fileRef = B5F303DC292969BE00E41C7D /* VeganVisionUITests.swift */; };
		B5F303DF292969BE00E41C7D /* VeganVisionUITestsLaunchTests.swift in Sources */ = {isa = PBXBuildFile; fileRef = B5F303DE292969BE00E41C7D /* VeganVisionUITestsLaunchTests.swift */; };
/* End PBXBuildFile section */

/* Begin PBXContainerItemProxy section */
		B5F303CF292969BE00E41C7D /* PBXContainerItemProxy */ = {
			isa = PBXContainerItemProxy;
			containerPortal = B5F303B6292969BD00E41C7D /* Project object */;
			proxyType = 1;
			remoteGlobalIDString = B5F303BD292969BD00E41C7D;
			remoteInfo = VeganVision;
		};
		B5F303D9292969BE00E41C7D /* PBXContainerItemProxy */ = {
			isa = PBXContainerItemProxy;
			containerPortal = B5F303B6292969BD00E41C7D /* Project object */;
			proxyType = 1;
			remoteGlobalIDString = B5F303BD292969BD00E41C7D;
			remoteInfo = VeganVision;
		};
/* End PBXContainerItemProxy section */

/* Begin PBXFileReference section */
		B5F303BE292969BD00E41C7D /* VeganVision.app */ = {isa = PBXFileReference; explicitFileType = wrapper.application; includeInIndex = 0; path = VeganVision.app; sourceTree = BUILT_PRODUCTS_DIR; };
		B5F303C1292969BD00E41C7D /* VeganVisionApp.swift */ = {isa = PBXFileReference; lastKnownFileType = sourcecode.swift; path = VeganVisionApp.swift; sourceTree = "<group>"; };
		B5F303C3292969BD00E41C7D /* ContentView.swift */ = {isa = PBXFileReference; lastKnownFileType = sourcecode.swift; path = ContentView.swift; sourceTree = "<group>"; };
		B5F303C5292969BE00E41C7D /* Assets.xcassets */ = {isa = PBXFileReference; lastKnownFileType = folder.assetcatalog; path = Assets.xcassets; sourceTree = "<group>"; };
		B5F303C8292969BE00E41C7D /* Preview Assets.xcassets */ = {isa = PBXFileReference; lastKnownFileType = folder.assetcatalog; path = "Preview Assets.xcassets"; sourceTree = "<group>"; };
		B5F303CE292969BE00E41C7D /* VeganVisionTests.xctest */ = {isa = PBXFileReference; explicitFileType = wrapper.cfbundle; includeInIndex = 0; path = VeganVisionTests.xctest; sourceTree = BUILT_PRODUCTS_DIR; };
		B5F303D2292969BE00E41C7D /* VeganVisionTests.swift */ = {isa = PBXFileReference; lastKnownFileType = sourcecode.swift; path = VeganVisionTests.swift; sourceTree = "<group>"; };
		B5F303D8292969BE00E41C7D /* VeganVisionUITests.xctest */ = {isa = PBXFileReference; explicitFileType = wrapper.cfbundle; includeInIndex = 0; path = VeganVisionUITests.xctest; sourceTree = BUILT_PRODUCTS_DIR; };
		B5F303DC292969BE00E41C7D /* VeganVisionUITests.swift */ = {isa = PBXFileReference; lastKnownFileType = sourcecode.swift; path = VeganVisionUITests.swift; sourceTree = "<group>"; };
		B5F303DE292969BE00E41C7D /* VeganVisionUITestsLaunchTests.swift */ = {isa = PBXFileReference; lastKnownFileType = sourcecode.swift; path = VeganVisionUITestsLaunchTests.swift; sourceTree = "<group>"; };
/* End PBXFileReference section */

/* Begin PBXFrameworksBuildPhase section */
		B5F303BB292969BD00E41C7D /* Frameworks */ = {
			isa = PBXFrameworksBuildPhase;
			buildActionMask = 2147483647;
			files = (
			);
			runOnlyForDeploymentPostprocessing = 0;
		};
		B5F303CB292969BE00E41C7D /* Frameworks */ = {
			isa = PBXFrameworksBuildPhase;
			buildActionMask = 2147483647;
			files = (
			);
			runOnlyForDeploymentPostprocessing = 0;
		};
		B5F303D5292969BE00E41C7D /* Frameworks */ = {
			isa = PBXFrameworksBuildPhase;
			buildActionMask = 2147483647;
			files = (
			);
			runOnlyForDeploymentPostprocessing = 0;
		};
/* End PBXFrameworksBuildPhase section */

/* Begin PBXGroup section */
		B5F303B5292969BD00E41C7D = {
			isa = PBXGroup;
			children = (
				B5F303C0292969BD00E41C7D /* VeganVision */,
				B5F303D1292969BE00E41C7D /* VeganVisionTests */,
				B5F303DB292969BE00E41C7D /* VeganVisionUITests */,
				B5F303BF292969BD00E41C7D /* Products */,
			);
			sourceTree = "<group>";
		};
		B5F303BF292969BD00E41C7D /* Products */ = {
			isa = PBXGroup;
			children = (
				B5F303BE292969BD00E41C7D /* VeganVision.app */,
				B5F303CE292969BE00E41C7D /* VeganVisionTests.xctest */,
				B5F303D8292969BE00E41C7D /* VeganVisionUITests.xctest */,
			);
			name = Products;
			sourceTree = "<group>";
		};
		B5F303C0292969BD00E41C7D /* VeganVision */ = {
			isa = PBXGroup;
			children = (
				B5F303C1292969BD00E41C7D /* VeganVisionApp.swift */,
				B5F303C3292969BD00E41C7D /* ContentView.swift */,
				B5F303C5292969BE00E41C7D /* Assets.xcassets */,
				B5F303C7292969BE00E41C7D /* Preview Content */,
			);
			path = VeganVision;
			sourceTree = "<group>";
		};
		B5F303C7292969BE00E41C7D /* Preview Content */ = {
			isa = PBXGroup;
			children = (
				B5F303C8292969BE00E41C7D /* Preview Assets.xcassets */,
			);
			path = "Preview Content";
			sourceTree = "<group>";
		};
		B5F303D1292969BE00E41C7D /* VeganVisionTests */ = {
			isa = PBXGroup;
			children = (
				B5F303D2292969BE00E41C7D /* VeganVisionTests.swift */,
			);
			path = VeganVisionTests;
			sourceTree = "<group>";
		};
		B5F303DB292969BE00E41C7D /* VeganVisionUITests */ = {
			isa = PBXGroup;
			children = (
				B5F303DC292969BE00E41C7D /* VeganVisionUITests.swift */,
				B5F303DE292969BE00E41C7D /* VeganVisionUITestsLaunchTests.swift */,
			);
			path = VeganVisionUITests;
			sourceTree = "<group>";
		};
/* End PBXGroup section */

/* Begin PBXNativeTarget section */
		B5F303BD292969BD00E41C7D /* VeganVision */ = {
			isa = PBXNativeTarget;
			buildConfigurationList = B5F303E2292969BE00E41C7D /* Build configuration list for PBXNativeTarget "VeganVision" */;
			buildPhases = (
				B5F303BA292969BD00E41C7D /* Sources */,
				B5F303BB292969BD00E41C7D /* Frameworks */,
				B5F303BC292969BD00E41C7D /* Resources */,
			);
			buildRules = (
			);
			dependencies = (
			);
			name = VeganVision;
			productName = VeganVision;
			productReference = B5F303BE292969BD00E41C7D /* VeganVision.app */;
			productType = "com.apple.product-type.application";
		};
		B5F303CD292969BE00E41C7D /* VeganVisionTests */ = {
			isa = PBXNativeTarget;
			buildConfigurationList = B5F303E5292969BE00E41C7D /* Build configuration list for PBXNativeTarget "VeganVisionTests" */;
			buildPhases = (
				B5F303CA292969BE00E41C7D /* Sources */,
				B5F303CB292969BE00E41C7D /* Frameworks */,
				B5F303CC292969BE00E41C7D /* Resources */,
			);
			buildRules = (
			);
			dependencies = (
				B5F303D0292969BE00E41C7D /* PBXTargetDependency */,
			);
			name = VeganVisionTests;
			productName = VeganVisionTests;
			productReference = B5F303CE292969BE00E41C7D /* VeganVisionTests.xctest */;
			productType = "com.apple.product-type.bundle.unit-test";
		};
		B5F303D7292969BE00E41C7D /* VeganVisionUITests */ = {
			isa = PBXNativeTarget;
			buildConfigurationList = B5F303E8292969BE00E41C7D /* Build configuration list for PBXNativeTarget "VeganVisionUITests" */;
			buildPhases = (
				B5F303D4292969BE00E41C7D /* Sources */,
				B5F303D5292969BE00E41C7D /* Frameworks */,
				B5F303D6292969BE00E41C7D /* Resources */,
			);
			buildRules = (
			);
			dependencies = (
				B5F303DA292969BE00E41C7D /* PBXTargetDependency */,
			);
			name = VeganVisionUITests;
			productName = VeganVisionUITests;
			productReference = B5F303D8292969BE00E41C7D /* VeganVisionUITests.xctest */;
			productType = "com.apple.product-type.bundle.ui-testing";
		};
/* End PBXNativeTarget section */

/* Begin PBXProject section */
		B5F303B6292969BD00E41C7D /* Project object */ = {
			isa = PBXProject;
			attributes = {
				BuildIndependentTargetsInParallel = 1;
				LastSwiftUpdateCheck = 1410;
				LastUpgradeCheck = 1410;
				TargetAttributes = {
					B5F303BD292969BD00E41C7D = {
						CreatedOnToolsVersion = 14.1;
					};
					B5F303CD292969BE00E41C7D = {
						CreatedOnToolsVersion = 14.1;
						TestTargetID = B5F303BD292969BD00E41C7D;
					};
					B5F303D7292969BE00E41C7D = {
						CreatedOnToolsVersion = 14.1;
						TestTargetID = B5F303BD292969BD00E41C7D;
					};
				};
			};
			buildConfigurationList = B5F303B9292969BD00E41C7D /* Build configuration list for PBXProject "VeganVision" */;
			compatibilityVersion = "Xcode 14.0";
			developmentRegion = en;
			hasScannedForEncodings = 0;
			knownRegions = (
				en,
				Base,
			);
			mainGroup = B5F303B5292969BD00E41C7D;
			productRefGroup = B5F303BF292969BD00E41C7D /* Products */;
			projectDirPath = "";
			projectRoot = "";
			targets = (
				B5F303BD292969BD00E41C7D /* VeganVision */,
				B5F303CD292969BE00E41C7D /* VeganVisionTests */,
				B5F303D7292969BE00E41C7D /* VeganVisionUITests */,
			);
		};
/* End PBXProject section */

/* Begin PBXResourcesBuildPhase section */
		B5F303BC292969BD00E41C7D /* Resources */ = {
			isa = PBXResourcesBuildPhase;
			buildActionMask = 2147483647;
			files = (
				B5F303C9292969BE00E41C7D /* Preview Assets.xcassets in Resources */,
				B5F303C6292969BE00E41C7D /* Assets.xcassets in Resources */,
			);
			runOnlyForDeploymentPostprocessing = 0;
		};
		B5F303CC292969BE00E41C7D /* Resources */ = {
			isa = PBXResourcesBuildPhase;
			buildActionMask = 2147483647;
			files = (
			);
			runOnlyForDeploymentPostprocessing = 0;
		};
		B5F303D6292969BE00E41C7D /* Resources */ = {
			isa = PBXResourcesBuildPhase;
			buildActionMask = 2147483647;
			files = (
			);
			runOnlyForDeploymentPostprocessing = 0;
		};
/* End PBXResourcesBuildPhase section */

/* Begin PBXSourcesBuildPhase section */
		B5F303BA292969BD00E41C7D /* Sources */ = {
			isa = PBXSourcesBuildPhase;
			buildActionMask = 2147483647;
			files = (
				B5F303C4292969BD00E41C7D /* ContentView.swift in Sources */,
				B5F303C2292969BD00E41C7D /* VeganVisionApp.swift in Sources */,
			);
			runOnlyForDeploymentPostprocessing = 0;
		};
		B5F303CA292969BE00E41C7D /* Sources */ = {
			isa = PBXSourcesBuildPhase;
			buildActionMask = 2147483647;
			files = (
				B5F303D3292969BE00E41C7D /* VeganVisionTests.swift in Sources */,
			);
			runOnlyForDeploymentPostprocessing = 0;
		};
		B5F303D4292969BE00E41C7D /* Sources */ = {
			isa = PBXSourcesBuildPhase;
			buildActionMask = 2147483647;
			files = (
				B5F303DF292969BE00E41C7D /* VeganVisionUITestsLaunchTests.swift in Sources */,
				B5F303DD292969BE00E41C7D /* VeganVisionUITests.swift in Sources */,
			);
			runOnlyForDeploymentPostprocessing = 0;
		};
/* End PBXSourcesBuildPhase section */

/* Begin PBXTargetDependency section */
		B5F303D0292969BE00E41C7D /* PBXTargetDependency */ = {
			isa = PBXTargetDependency;
			target = B5F303BD292969BD00E41C7D /* VeganVision */;
			targetProxy = B5F303CF292969BE00E41C7D /* PBXContainerItemProxy */;
		};
		B5F303DA292969BE00E41C7D /* PBXTargetDependency */ = {
			isa = PBXTargetDependency;
			target = B5F303BD292969BD00E41C7D /* VeganVision */;
			targetProxy = B5F303D9292969BE00E41C7D /* PBXContainerItemProxy */;
		};
/* End PBXTargetDependency section */

/* Begin XCBuildConfiguration section */
		B5F303E0292969BE00E41C7D /* Debug */ = {
			isa = XCBuildConfiguration;
			buildSettings = {
				ALWAYS_SEARCH_USER_PATHS = NO;
				CLANG_ANALYZER_NONNULL = YES;
				CLANG_ANALYZER_NUMBER_OBJECT_CONVERSION = YES_AGGRESSIVE;
				CLANG_CXX_LANGUAGE_STANDARD = "gnu++20";
				CLANG_ENABLE_MODULES = YES;
				CLANG_ENABLE_OBJC_ARC = YES;
				CLANG_ENABLE_OBJC_WEAK = YES;
				CLANG_WARN_BLOCK_CAPTURE_AUTORELEASING = YES;
				CLANG_WARN_BOOL_CONVERSION = YES;
				CLANG_WARN_COMMA = YES;
				CLANG_WARN_CONSTANT_CONVERSION = YES;
				CLANG_WARN_DEPRECATED_OBJC_IMPLEMENTATIONS = YES;
				CLANG_WARN_DIRECT_OBJC_ISA_USAGE = YES_ERROR;
				CLANG_WARN_DOCUMENTATION_COMMENTS = YES;
				CLANG_WARN_EMPTY_BODY = YES;
				CLANG_WARN_ENUM_CONVERSION = YES;
				CLANG_WARN_INFINITE_RECURSION = YES;
				CLANG_WARN_INT_CONVERSION = YES;
				CLANG_WARN_NON_LITERAL_NULL_CONVERSION = YES;
				CLANG_WARN_OBJC_IMPLICIT_RETAIN_SELF = YES;
				CLANG_WARN_OBJC_LITERAL_CONVERSION = YES;
				CLANG_WARN_OBJC_ROOT_CLASS = YES_ERROR;
				CLANG_WARN_QUOTED_INCLUDE_IN_FRAMEWORK_HEADER = YES;
				CLANG_WARN_RANGE_LOOP_ANALYSIS = YES;
				CLANG_WARN_STRICT_PROTOTYPES = YES;
				CLANG_WARN_SUSPICIOUS_MOVE = YES;
				CLANG_WARN_UNGUARDED_AVAILABILITY = YES_AGGRESSIVE;
				CLANG_WARN_UNREACHABLE_CODE = YES;
				CLANG_WARN__DUPLICATE_METHOD_MATCH = YES;
				COPY_PHASE_STRIP = NO;
				DEBUG_INFORMATION_FORMAT = dwarf;
				ENABLE_STRICT_OBJC_MSGSEND = YES;
				ENABLE_TESTABILITY = YES;
				GCC_C_LANGUAGE_STANDARD = gnu11;
				GCC_DYNAMIC_NO_PIC = NO;
				GCC_NO_COMMON_BLOCKS = YES;
				GCC_OPTIMIZATION_LEVEL = 0;
				GCC_PREPROCESSOR_DEFINITIONS = (
					"DEBUG=1",
					"$(inherited)",
				);
				GCC_WARN_64_TO_32_BIT_CONVERSION = YES;
				GCC_WARN_ABOUT_RETURN_TYPE = YES_ERROR;
				GCC_WARN_UNDECLARED_SELECTOR = YES;
				GCC_WARN_UNINITIALIZED_AUTOS = YES_AGGRESSIVE;
				GCC_WARN_UNUSED_FUNCTION = YES;
				GCC_WARN_UNUSED_VARIABLE = YES;
				IPHONEOS_DEPLOYMENT_TARGET = 16.1;
				MTL_ENABLE_DEBUG_INFO = INCLUDE_SOURCE;
				MTL_FAST_MATH = YES;
				ONLY_ACTIVE_ARCH = YES;
				SDKROOT = iphoneos;
				SWIFT_ACTIVE_COMPILATION_CONDITIONS = DEBUG;
				SWIFT_OPTIMIZATION_LEVEL = "-Onone";
			};
			name = Debug;
		};
		B5F303E1292969BE00E41C7D /* Release */ = {
			isa = XCBuildConfiguration;
			buildSettings = {
				ALWAYS_SEARCH_USER_PATHS = NO;
				CLANG_ANALYZER_NONNULL = YES;
				CLANG_ANALYZER_NUMBER_OBJECT_CONVERSION = YES_AGGRESSIVE;
				CLANG_CXX_LANGUAGE_STANDARD = "gnu++20";
				CLANG_ENABLE_MODULES = YES;
				CLANG_ENABLE_OBJC_ARC = YES;
				CLANG_ENABLE_OBJC_WEAK = YES;
				CLANG_WARN_BLOCK_CAPTURE_AUTORELEASING = YES;
				CLANG_WARN_BOOL_CONVERSION = YES;
				CLANG_WARN_COMMA = YES;
				CLANG_WARN_CONSTANT_CONVERSION = YES;
				CLANG_WARN_DEPRECATED_OBJC_IMPLEMENTATIONS = YES;
				CLANG_WARN_DIRECT_OBJC_ISA_USAGE = YES_ERROR;
				CLANG_WARN_DOCUMENTATION_COMMENTS = YES;
				CLANG_WARN_EMPTY_BODY = YES;
				CLANG_WARN_ENUM_CONVERSION = YES;
				CLANG_WARN_INFINITE_RECURSION = YES;
				CLANG_WARN_INT_CONVERSION = YES;
				CLANG_WARN_NON_LITERAL_NULL_CONVERSION = YES;
				CLANG_WARN_OBJC_IMPLICIT_RETAIN_SELF = YES;
				CLANG_WARN_OBJC_LITERAL_CONVERSION = YES;
				CLANG_WARN_OBJC_ROOT_CLASS = YES_ERROR;
				CLANG_WARN_QUOTED_INCLUDE_IN_FRAMEWORK_HEADER = YES;
				CLANG_WARN_RANGE_LOOP_ANALYSIS = YES;
				CLANG_WARN_STRICT_PROTOTYPES = YES;
				CLANG_WARN_SUSPICIOUS_MOVE = YES;
				CLANG_WARN_UNGUARDED_AVAILABILITY = YES_AGGRESSIVE;
				CLANG_WARN_UNREACHABLE_CODE = YES;
				CLANG_WARN__DUPLICATE_METHOD_MATCH = YES;
				COPY_PHASE_STRIP = NO;
				DEBUG_INFORMATION_FORMAT = "dwarf-with-dsym";
				ENABLE_NS_ASSERTIONS = NO;
				ENABLE_STRICT_OBJC_MSGSEND = YES;
				GCC_C_LANGUAGE_STANDARD = gnu11;
				GCC_NO_COMMON_BLOCKS = YES;
				GCC_WARN_64_TO_32_BIT_CONVERSION = YES;
				GCC_WARN_ABOUT_RETURN_TYPE = YES_ERROR;
				GCC_WARN_UNDECLARED_SELECTOR = YES;
				GCC_WARN_UNINITIALIZED_AUTOS = YES_AGGRESSIVE;
				GCC_WARN_UNUSED_FUNCTION = YES;
				GCC_WARN_UNUSED_VARIABLE = YES;
				IPHONEOS_DEPLOYMENT_TARGET = 16.1;
				MTL_ENABLE_DEBUG_INFO = NO;
				MTL_FAST_MATH = YES;
				SDKROOT = iphoneos;
				SWIFT_COMPILATION_MODE = wholemodule;
				SWIFT_OPTIMIZATION_LEVEL = "-O";
				VALIDATE_PRODUCT = YES;
			};
			name = Release;
		};
		B5F303E3292969BE00E41C7D /* Debug */ = {
			isa = XCBuildConfiguration;
			buildSettings = {
				ASSETCATALOG_COMPILER_APPICON_NAME = AppIcon;
				ASSETCATALOG_COMPILER_GLOBAL_ACCENT_COLOR_NAME = AccentColor;
				CODE_SIGN_STYLE = Automatic;
				CURRENT_PROJECT_VERSION = 1;
				DEVELOPMENT_ASSET_PATHS = "\"VeganVision/Preview Content\"";
				DEVELOPMENT_TEAM = RDT7K59Q4P;
				ENABLE_PREVIEWS = YES;
				GENERATE_INFOPLIST_FILE = YES;
				INFOPLIST_KEY_UIApplicationSceneManifest_Generation = YES;
				INFOPLIST_KEY_UIApplicationSupportsIndirectInputEvents = YES;
				INFOPLIST_KEY_UILaunchScreen_Generation = YES;
				INFOPLIST_KEY_UISupportedInterfaceOrientations_iPad = "UIInterfaceOrientationPortrait UIInterfaceOrientationPortraitUpsideDown UIInterfaceOrientationLandscapeLeft UIInterfaceOrientationLandscapeRight";
				INFOPLIST_KEY_UISupportedInterfaceOrientations_iPhone = "UIInterfaceOrientationPortrait UIInterfaceOrientationLandscapeLeft UIInterfaceOrientationLandscapeRight";
				LD_RUNPATH_SEARCH_PATHS = (
					"$(inherited)",
					"@executable_path/Frameworks",
				);
				MARKETING_VERSION = 1.0;
				PRODUCT_BUNDLE_IDENTIFIER = com.veganVIsion.VeganVision;
				PRODUCT_NAME = "$(TARGET_NAME)";
				SWIFT_EMIT_LOC_STRINGS = YES;
				SWIFT_VERSION = 5.0;
				TARGETED_DEVICE_FAMILY = "1,2";
			};
			name = Debug;
		};
		B5F303E4292969BE00E41C7D /* Release */ = {
			isa = XCBuildConfiguration;
			buildSettings = {
				ASSETCATALOG_COMPILER_APPICON_NAME = AppIcon;
				ASSETCATALOG_COMPILER_GLOBAL_ACCENT_COLOR_NAME = AccentColor;
				CODE_SIGN_STYLE = Automatic;
				CURRENT_PROJECT_VERSION = 1;
				DEVELOPMENT_ASSET_PATHS = "\"VeganVision/Preview Content\"";
				DEVELOPMENT_TEAM = RDT7K59Q4P;
				ENABLE_PREVIEWS = YES;
				GENERATE_INFOPLIST_FILE = YES;
				INFOPLIST_KEY_UIApplicationSceneManifest_Generation = YES;
				INFOPLIST_KEY_UIApplicationSupportsIndirectInputEvents = YES;
				INFOPLIST_KEY_UILaunchScreen_Generation = YES;
				INFOPLIST_KEY_UISupportedInterfaceOrientations_iPad = "UIInterfaceOrientationPortrait UIInterfaceOrientationPortraitUpsideDown UIInterfaceOrientationLandscapeLeft UIInterfaceOrientationLandscapeRight";
				INFOPLIST_KEY_UISupportedInterfaceOrientations_iPhone = "UIInterfaceOrientationPortrait UIInterfaceOrientationLandscapeLeft UIInterfaceOrientationLandscapeRight";
				LD_RUNPATH_SEARCH_PATHS = (
					"$(inherited)",
					"@executable_path/Frameworks",
				);
				MARKETING_VERSION = 1.0;
				PRODUCT_BUNDLE_IDENTIFIER = com.veganVIsion.VeganVision;
				PRODUCT_NAME = "$(TARGET_NAME)";
				SWIFT_EMIT_LOC_STRINGS = YES;
				SWIFT_VERSION = 5.0;
				TARGETED_DEVICE_FAMILY = "1,2";
			};
			name = Release;
		};
		B5F303E6292969BE00E41C7D /* Debug */ = {
			isa = XCBuildConfiguration;
			buildSettings = {
				ALWAYS_EMBED_SWIFT_STANDARD_LIBRARIES = YES;
				BUNDLE_LOADER = "$(TEST_HOST)";
				CODE_SIGN_STYLE = Automatic;
				CURRENT_PROJECT_VERSION = 1;
				DEVELOPMENT_TEAM = RDT7K59Q4P;
				GENERATE_INFOPLIST_FILE = YES;
				IPHONEOS_DEPLOYMENT_TARGET = 16.1;
				MARKETING_VERSION = 1.0;
				PRODUCT_BUNDLE_IDENTIFIER = com.veganVIsion.VeganVisionTests;
				PRODUCT_NAME = "$(TARGET_NAME)";
				SWIFT_EMIT_LOC_STRINGS = NO;
				SWIFT_VERSION = 5.0;
				TARGETED_DEVICE_FAMILY = "1,2";
				TEST_HOST = "$(BUILT_PRODUCTS_DIR)/VeganVision.app/$(BUNDLE_EXECUTABLE_FOLDER_PATH)/VeganVision";
			};
			name = Debug;
		};
		B5F303E7292969BE00E41C7D /* Release */ = {
			isa = XCBuildConfiguration;
			buildSettings = {
				ALWAYS_EMBED_SWIFT_STANDARD_LIBRARIES = YES;
				BUNDLE_LOADER = "$(TEST_HOST)";
				CODE_SIGN_STYLE = Automatic;
				CURRENT_PROJECT_VERSION = 1;
				DEVELOPMENT_TEAM = RDT7K59Q4P;
				GENERATE_INFOPLIST_FILE = YES;
				IPHONEOS_DEPLOYMENT_TARGET = 16.1;
				MARKETING_VERSION = 1.0;
				PRODUCT_BUNDLE_IDENTIFIER = com.veganVIsion.VeganVisionTests;
				PRODUCT_NAME = "$(TARGET_NAME)";
				SWIFT_EMIT_LOC_STRINGS = NO;
				SWIFT_VERSION = 5.0;
				TARGETED_DEVICE_FAMILY = "1,2";
				TEST_HOST = "$(BUILT_PRODUCTS_DIR)/VeganVision.app/$(BUNDLE_EXECUTABLE_FOLDER_PATH)/VeganVision";
			};
			name = Release;
		};
		B5F303E9292969BE00E41C7D /* Debug */ = {
			isa = XCBuildConfiguration;
			buildSettings = {
				ALWAYS_EMBED_SWIFT_STANDARD_LIBRARIES = YES;
				CODE_SIGN_STYLE = Automatic;
				CURRENT_PROJECT_VERSION = 1;
				DEVELOPMENT_TEAM = RDT7K59Q4P;
				GENERATE_INFOPLIST_FILE = YES;
				MARKETING_VERSION = 1.0;
				PRODUCT_BUNDLE_IDENTIFIER = com.veganVIsion.VeganVisionUITests;
				PRODUCT_NAME = "$(TARGET_NAME)";
				SWIFT_EMIT_LOC_STRINGS = NO;
				SWIFT_VERSION = 5.0;
				TARGETED_DEVICE_FAMILY = "1,2";
				TEST_TARGET_NAME = VeganVision;
			};
			name = Debug;
		};
		B5F303EA292969BE00E41C7D /* Release */ = {
			isa = XCBuildConfiguration;
			buildSettings = {
				ALWAYS_EMBED_SWIFT_STANDARD_LIBRARIES = YES;
				CODE_SIGN_STYLE = Automatic;
				CURRENT_PROJECT_VERSION = 1;
				DEVELOPMENT_TEAM = RDT7K59Q4P;
				GENERATE_INFOPLIST_FILE = YES;
				MARKETING_VERSION = 1.0;
				PRODUCT_BUNDLE_IDENTIFIER = com.veganVIsion.VeganVisionUITests;
				PRODUCT_NAME = "$(TARGET_NAME)";
				SWIFT_EMIT_LOC_STRINGS = NO;
				SWIFT_VERSION = 5.0;
				TARGETED_DEVICE_FAMILY = "1,2";
				TEST_TARGET_NAME = VeganVision;
			};
			name = Release;
		};
/* End XCBuildConfiguration section */

/* Begin XCConfigurationList section */
		B5F303B9292969BD00E41C7D /* Build configuration list for PBXProject "VeganVision" */ = {
			isa = XCConfigurationList;
			buildConfigurations = (
				B5F303E0292969BE00E41C7D /* Debug */,
				B5F303E1292969BE00E41C7D /* Release */,
			);
			defaultConfigurationIsVisible = 0;
			defaultConfigurationName = Release;
		};
		B5F303E2292969BE00E41C7D /* Build configuration list for PBXNativeTarget "VeganVision" */ = {
			isa = XCConfigurationList;
			buildConfigurations = (
				B5F303E3292969BE00E41C7D /* Debug */,
				B5F303E4292969BE00E41C7D /* Release */,
			);
			defaultConfigurationIsVisible = 0;
			defaultConfigurationName = Release;
		};
		B5F303E5292969BE00E41C7D /* Build configuration list for PBXNativeTarget "VeganVisionTests" */ = {
			isa = XCConfigurationList;
			buildConfigurations = (
				B5F303E6292969BE00E41C7D /* Debug */,
				B5F303E7292969BE00E41C7D /* Release */,
			);
			defaultConfigurationIsVisible = 0;
			defaultConfigurationName = Release;
		};
		B5F303E8292969BE00E41C7D /* Build configuration list for PBXNativeTarget "VeganVisionUITests" */ = {
			isa = XCConfigurationList;
			buildConfigurations = (
				B5F303E9292969BE00E41C7D /* Debug */,
				B5F303EA292969BE00E41C7D /* Release */,
			);
			defaultConfigurationIsVisible = 0;
			defaultConfigurationName = Release;
		};
/* End XCConfigurationList section */
	};
	rootObject = B5F303B6292969BD00E41C7D /* Project object */;
}
